
Microsoft Visual Studio Solution File, Format Version 12.00
# Visual Studio Version 17
VisualStudioVersion = 17.0.31903.59
MinimumVisualStudioVersion = 10.0.40219.1
Project("{2150E333-8FDC-42A3-9474-1A3956D46DE8}") = "Src", "Src", "{46E44AB8-155F-4B32-BB59-0EFFAD570CFF}"
EndProject
Project("{2150E333-8FDC-42A3-9474-1A3956D46DE8}") = "Manager.Domain", "Manager.Domain", "{EBF514EC-7F0D-46C1-B79B-6A932F2ADDA3}"
EndProject
Project("{FAE04EC0-301F-11D3-BF4B-00C04F79EFBC}") = "Manager.Domain", "Manager.Domain\Manager.Domain.csproj", "{9CBBFB22-70F7-40DA-86F2-A70DF6E96401}"
EndProject
Project("{2150E333-8FDC-42A3-9474-1A3956D46DE8}") = "Manager.Infra", "Manager.Infra", "{8E08DAC7-DF35-4A06-8F37-63F66998ADE7}"
EndProject
Project("{2150E333-8FDC-42A3-9474-1A3956D46DE8}") = "Manager.Services", "Manager.Services", "{AC4B4761-5E90-441B-98F9-8325E3C78B26}"
EndProject
Project("{2150E333-8FDC-42A3-9474-1A3956D46DE8}") = "Manager.Core", "Manager.Core", "{B5A82561-027C-4ABC-B389-1CBCFF1FBC21}"
EndProject
Project("{FAE04EC0-301F-11D3-BF4B-00C04F79EFBC}") = "Manager.Infra", "Manager.Infra\Manager.Infra.csproj", "{2B95D90D-DD5E-4A8F-9C47-5825A8389477}"
EndProject
Project("{FAE04EC0-301F-11D3-BF4B-00C04F79EFBC}") = "Manager.Services", "Manager.Services\Manager.Services.csproj", "{B97708AF-8E7A-439A-970F-744C44D51CED}"
EndProject
Project("{FAE04EC0-301F-11D3-BF4B-00C04F79EFBC}") = "Manager.Core", "Manager.Core\Manager.Core.csproj", "{5099DA53-F0D8-4085-A17D-740BA4582E5F}"
EndProject
Project("{2150E333-8FDC-42A3-9474-1A3956D46DE8}") = "Manager.API", "Manager.API", "{2A4F0C07-6389-44DA-9290-1F58BD44F419}"
EndProject
Project("{FAE04EC0-301F-11D3-BF4B-00C04F79EFBC}") = "Manager.API", "Manager.API\Manager.API.csproj", "{ADCF72EF-2B24-4F9B-99CA-AE07DCBA0AE1}"
EndProject
Global
	GlobalSection(SolutionConfigurationPlatforms) = preSolution
		Debug|Any CPU = Debug|Any CPU
		Release|Any CPU = Release|Any CPU
	EndGlobalSection
	GlobalSection(SolutionProperties) = preSolution
		HideSolutionNode = FALSE
	EndGlobalSection
	GlobalSection(NestedProjects) = preSolution
		{EBF514EC-7F0D-46C1-B79B-6A932F2ADDA3} = {46E44AB8-155F-4B32-BB59-0EFFAD570CFF}
		{9CBBFB22-70F7-40DA-86F2-A70DF6E96401} = {EBF514EC-7F0D-46C1-B79B-6A932F2ADDA3}
		{8E08DAC7-DF35-4A06-8F37-63F66998ADE7} = {46E44AB8-155F-4B32-BB59-0EFFAD570CFF}
		{AC4B4761-5E90-441B-98F9-8325E3C78B26} = {46E44AB8-155F-4B32-BB59-0EFFAD570CFF}
		{B5A82561-027C-4ABC-B389-1CBCFF1FBC21} = {46E44AB8-155F-4B32-BB59-0EFFAD570CFF}
		{2B95D90D-DD5E-4A8F-9C47-5825A8389477} = {8E08DAC7-DF35-4A06-8F37-63F66998ADE7}
		{B97708AF-8E7A-439A-970F-744C44D51CED} = {AC4B4761-5E90-441B-98F9-8325E3C78B26}
		{5099DA53-F0D8-4085-A17D-740BA4582E5F} = {B5A82561-027C-4ABC-B389-1CBCFF1FBC21}
		{2A4F0C07-6389-44DA-9290-1F58BD44F419} = {46E44AB8-155F-4B32-BB59-0EFFAD570CFF}
		{ADCF72EF-2B24-4F9B-99CA-AE07DCBA0AE1} = {2A4F0C07-6389-44DA-9290-1F58BD44F419}
	EndGlobalSection
	GlobalSection(ProjectConfigurationPlatforms) = postSolution
		{9CBBFB22-70F7-40DA-86F2-A70DF6E96401}.Debug|Any CPU.ActiveCfg = Debug|Any CPU
		{9CBBFB22-70F7-40DA-86F2-A70DF6E96401}.Debug|Any CPU.Build.0 = Debug|Any CPU
		{9CBBFB22-70F7-40DA-86F2-A70DF6E96401}.Release|Any CPU.ActiveCfg = Release|Any CPU
		{9CBBFB22-70F7-40DA-86F2-A70DF6E96401}.Release|Any CPU.Build.0 = Release|Any CPU
		{2B95D90D-DD5E-4A8F-9C47-5825A8389477}.Debug|Any CPU.ActiveCfg = Debug|Any CPU
		{2B95D90D-DD5E-4A8F-9C47-5825A8389477}.Debug|Any CPU.Build.0 = Debug|Any CPU
		{2B95D90D-DD5E-4A8F-9C47-5825A8389477}.Release|Any CPU.ActiveCfg = Release|Any CPU
		{2B95D90D-DD5E-4A8F-9C47-5825A8389477}.Release|Any CPU.Build.0 = Release|Any CPU
		{B97708AF-8E7A-439A-970F-744C44D51CED}.Debug|Any CPU.ActiveCfg = Debug|Any CPU
		{B97708AF-8E7A-439A-970F-744C44D51CED}.Debug|Any CPU.Build.0 = Debug|Any CPU
		{B97708AF-8E7A-439A-970F-744C44D51CED}.Release|Any CPU.ActiveCfg = Release|Any CPU
		{B97708AF-8E7A-439A-970F-744C44D51CED}.Release|Any CPU.Build.0 = Release|Any CPU
		{5099DA53-F0D8-4085-A17D-740BA4582E5F}.Debug|Any CPU.ActiveCfg = Debug|Any CPU
		{5099DA53-F0D8-4085-A17D-740BA4582E5F}.Debug|Any CPU.Build.0 = Debug|Any CPU
		{5099DA53-F0D8-4085-A17D-740BA4582E5F}.Release|Any CPU.ActiveCfg = Release|Any CPU
		{5099DA53-F0D8-4085-A17D-740BA4582E5F}.Release|Any CPU.Build.0 = Release|Any CPU
		{ADCF72EF-2B24-4F9B-99CA-AE07DCBA0AE1}.Debug|Any CPU.ActiveCfg = Debug|Any CPU
		{ADCF72EF-2B24-4F9B-99CA-AE07DCBA0AE1}.Debug|Any CPU.Build.0 = Debug|Any CPU
		{ADCF72EF-2B24-4F9B-99CA-AE07DCBA0AE1}.Release|Any CPU.ActiveCfg = Release|Any CPU
		{ADCF72EF-2B24-4F9B-99CA-AE07DCBA0AE1}.Release|Any CPU.Build.0 = Release|Any CPU
	EndGlobalSection
EndGlobal
